schema: '2.0'
stages:
  pre-commmit:
    cmd: pre-commit run --all-files  && chktex -q -V main.tex -n 24 -n 8 -n 1 -n 45
      -n 17 -n 9 -n 35 && touch pre_commit.flag
    deps:
    - path: .pre-commit-config.yaml
      md5: bd62a912262eec2d6c3040b40ff84ecd
      size: 1532
    - path: generated
      md5: 8d1d430fb35b6d8354084f683db7c304.dir
      size: 2147935
      nfiles: 36
    - path: kdd-nsl
      md5: 5dc04196810d301a637523e706a6c878.dir
      size: 1885313
      nfiles: 13
    - path: main.tex
      md5: a3be8b308f343f1e256ea26fb4c9dfb8
      size: 56759
    - path: truthseeker
      md5: fed45342c832fb2439a0ef7d372a522c.dir
      size: 1102070
      nfiles: 13
    outs:
    - path: pre_commit.flag
      md5: d41d8cd98f00b204e9800998ecf8427e
      size: 0
      isexec: true
  first_run:
    cmd: pdflatex  main.tex -interaction=nonstopmode
    deps:
    - path: generated
      md5: 8d1d430fb35b6d8354084f683db7c304.dir
      size: 2147935
      nfiles: 36
    - path: kdd-nsl
      md5: 5dc04196810d301a637523e706a6c878.dir
      size: 1885313
      nfiles: 13
    - path: main.tex
      md5: a3be8b308f343f1e256ea26fb4c9dfb8
      size: 56759
    - path: pre_commit.flag
      md5: d41d8cd98f00b204e9800998ecf8427e
      size: 0
    - path: truthseeker
      md5: fed45342c832fb2439a0ef7d372a522c.dir
      size: 1102070
      nfiles: 13
    outs:
    - path: main.aux
      md5: a20f0521492a4212a0409d16966fe5b7
      size: 19121
      isexec: true
    - path: main.log
      md5: 134321174d3b58d65e41ba4735ef036c
      size: 98686
      isexec: true
    - path: main.out
      md5: 1dbab7c09bf19d8b92096de9bbbcb509
      size: 5130
      isexec: true
  big_run:
    cmd: pdflatex main.tex && bibtex main && pdflatex  main.tex && pdflatex  main.tex
    deps:
    - path: bibliography.bib
      md5: 2d7cdb00cb738f1d51469b2abac90bc2
      size: 21954
    - path: main.aux
      md5: a20f0521492a4212a0409d16966fe5b7
      size: 19121
      isexec: true
    - path: main.log
      md5: d7a07d5e8ec56d3d2996cd9cbfa04256
      size: 84859
      isexec: true
    - path: main.out
      md5: 1dbab7c09bf19d8b92096de9bbbcb509
      size: 5130
      isexec: true
    - path: main.tex
      md5: a3be8b308f343f1e256ea26fb4c9dfb8
      size: 56759
    outs:
    - path: main.bbl
      md5: 2aee38aa05c75fb84568c3ba03fd8362
      size: 15416
      isexec: true
    - path: main.blg
      md5: c5af910b29c903b6bfab06a10e335bb2
      size: 984
      isexec: true
    - path: main.pdf
      md5: 3fb9afb4ebe26e55e7756989511f8a78
      size: 529140
      isexec: true
  arxiv:
    cmd: 'python arxiv.py  --title "Safety-critical computer vision: An empirical
      survey of adversarial evasion attacks and defences on computer vision systems"  --delete_these_dirs
      generated kdd-nsl truthseeker --extensions py yaml lock log csv  --delete_these_files
      "main.aux" "main.blg" "main.out" "main.pdf" --logfile "main.log"'
    deps:
    - path: arxiv.py
      md5: 1ddb1fe52c9217b71bf3ec6e917d443f
      size: 7804
    - path: main.log
      md5: d7a07d5e8ec56d3d2996cd9cbfa04256
      size: 84859
    - path: main.pdf
      md5: 3fb9afb4ebe26e55e7756989511f8a78
      size: 529140
    outs:
    - path: 'Safety-critical computer vision: An empirical survey of adversarial evasion
        attacks and defences on computer vision systems.zip'
      md5: aa98c3c08ac7dcf2affb0efd511be535
      size: 216396
      isexec: true
    - path: arxiv.log
      md5: db6abaff3cbb22781ba8fdf25033d0d3
      size: 1505
      isexec: true
